
Microsoft Visual Studio Solution File, Format Version 12.00
# Visual Studio 15
VisualStudioVersion = 15.0.27004.2002
MinimumVisualStudioVersion = 10.0.40219.1
Project("{FAE04EC0-301F-11D3-BF4B-00C04F79EFBC}") = "Akka.Cluster.Lighthouse", "Akka.Cluster.Lighthouse\Akka.Cluster.Lighthouse.csproj", "{5123F20B-ADBF-41A9-97D6-9D0C4F074BDF}"
EndProject
Project("{FAE04EC0-301F-11D3-BF4B-00C04F79EFBC}") = "Akka.Cluster.WorkerNode", "Akka.Cluster.WorkerNode\Akka.Cluster.WorkerNode.csproj", "{5FF07A62-56FB-4296-8B34-59CA2B568D04}"
EndProject
Project("{FAE04EC0-301F-11D3-BF4B-00C04F79EFBC}") = "Akka.Cluster.API", "Akka.Cluster.API\Akka.Cluster.API.csproj", "{BC11CBEA-F599-4ADC-BCC5-779645AB5C6C}"
EndProject
Project("{FAE04EC0-301F-11D3-BF4B-00C04F79EFBC}") = "Akka.Cluster.Client", "Akka.Cluster.Client\Akka.Cluster.Client.csproj", "{35534FD1-5096-4E28-BB91-8D89E9A108CB}"
EndProject
Global
	GlobalSection(SolutionConfigurationPlatforms) = preSolution
		Debug|Any CPU = Debug|Any CPU
		Release|Any CPU = Release|Any CPU
	EndGlobalSection
	GlobalSection(ProjectConfigurationPlatforms) = postSolution
		{5123F20B-ADBF-41A9-97D6-9D0C4F074BDF}.Debug|Any CPU.ActiveCfg = Debug|Any CPU
		{5123F20B-ADBF-41A9-97D6-9D0C4F074BDF}.Debug|Any CPU.Build.0 = Debug|Any CPU
		{5123F20B-ADBF-41A9-97D6-9D0C4F074BDF}.Release|Any CPU.ActiveCfg = Release|Any CPU
		{5123F20B-ADBF-41A9-97D6-9D0C4F074BDF}.Release|Any CPU.Build.0 = Release|Any CPU
		{5FF07A62-56FB-4296-8B34-59CA2B568D04}.Debug|Any CPU.ActiveCfg = Debug|Any CPU
		{5FF07A62-56FB-4296-8B34-59CA2B568D04}.Debug|Any CPU.Build.0 = Debug|Any CPU
		{5FF07A62-56FB-4296-8B34-59CA2B568D04}.Release|Any CPU.ActiveCfg = Release|Any CPU
		{5FF07A62-56FB-4296-8B34-59CA2B568D04}.Release|Any CPU.Build.0 = Release|Any CPU
		{BC11CBEA-F599-4ADC-BCC5-779645AB5C6C}.Debug|Any CPU.ActiveCfg = Debug|Any CPU
		{BC11CBEA-F599-4ADC-BCC5-779645AB5C6C}.Debug|Any CPU.Build.0 = Debug|Any CPU
		{BC11CBEA-F599-4ADC-BCC5-779645AB5C6C}.Release|Any CPU.ActiveCfg = Release|Any CPU
		{BC11CBEA-F599-4ADC-BCC5-779645AB5C6C}.Release|Any CPU.Build.0 = Release|Any CPU
		{35534FD1-5096-4E28-BB91-8D89E9A108CB}.Debug|Any CPU.ActiveCfg = Debug|Any CPU
		{35534FD1-5096-4E28-BB91-8D89E9A108CB}.Debug|Any CPU.Build.0 = Debug|Any CPU
		{35534FD1-5096-4E28-BB91-8D89E9A108CB}.Release|Any CPU.ActiveCfg = Release|Any CPU
		{35534FD1-5096-4E28-BB91-8D89E9A108CB}.Release|Any CPU.Build.0 = Release|Any CPU
	EndGlobalSection
	GlobalSection(SolutionProperties) = preSolution
		HideSolutionNode = FALSE
	EndGlobalSection
	GlobalSection(ExtensibilityGlobals) = postSolution
		SolutionGuid = {DEEB18B7-BCFE-4A75-9117-C662025448BD}
	EndGlobalSection
EndGlobal
